
Microsoft Visual Studio Solution File, Format Version 12.00
# Visual Studio Version 16
VisualStudioVersion = 16.0.31313.79
MinimumVisualStudioVersion = 10.0.40219.1
Project("{F184B08F-C81C-45F6-A57F-5ABD9991F28F}") = "Advanced checksum utility 3.0", "Advanced checksum utility\Advanced checksum utility 3.0.vbproj", "{910DE366-2F7E-4063-AA7A-C231D91E53E6}"
EndProject
Global
	GlobalSection(SolutionConfigurationPlatforms) = preSolution
		Debug|Any CPU = Debug|Any CPU
		Release|Any CPU = Release|Any CPU
	EndGlobalSection
	GlobalSection(ProjectConfigurationPlatforms) = postSolution
		{910DE366-2F7E-4063-AA7A-C231D91E53E6}.Debug|Any CPU.ActiveCfg = Debug|Any CPU
		{910DE366-2F7E-4063-AA7A-C231D91E53E6}.Debug|Any CPU.Build.0 = Debug|Any CPU
		{910DE366-2F7E-4063-AA7A-C231D91E53E6}.Release|Any CPU.ActiveCfg = Release|Any CPU
		{910DE366-2F7E-4063-AA7A-C231D91E53E6}.Release|Any CPU.Build.0 = Release|Any CPU
	EndGlobalSection
	GlobalSection(SolutionProperties) = preSolution
		HideSolutionNode = FALSE
	EndGlobalSection
	GlobalSection(ExtensibilityGlobals) = postSolution
		SolutionGuid = {A88276E3-57E9-4DA1-B9DD-F03C0B67C6EF}
	EndGlobalSection
EndGlobal
